// !$*UTF8*$!
{
	archiveVersion = 1;
	classes = {
	};
	objectVersion = 55;
	objects = {

/* Begin PBXBuildFile section */
		A00F351A2B363B2911A748EB /* Pods_FirebaseAuthDemo.framework in Frameworks */ = {isa = PBXBuildFile; fileRef = A17A35A905B3C98B2048A26E /* Pods_FirebaseAuthDemo.framework */; };
		B43740D62796A425005E1CC7 /* GoogleService-Info.plist in Resources */ = {isa = PBXBuildFile; fileRef = B43740D52796A425005E1CC7 /* GoogleService-Info.plist */; };
		B47AEDE72796A19700B486FC /* AppDelegate.swift in Sources */ = {isa = PBXBuildFile; fileRef = B47AEDE62796A19700B486FC /* AppDelegate.swift */; };
		B47AEDE92796A19700B486FC /* SceneDelegate.swift in Sources */ = {isa = PBXBuildFile; fileRef = B47AEDE82796A19700B486FC /* SceneDelegate.swift */; };
		B47AEDEB2796A19700B486FC /* ViewController.swift in Sources */ = {isa = PBXBuildFile; fileRef = B47AEDEA2796A19700B486FC /* ViewController.swift */; };
		B47AEDEE2796A19700B486FC /* Main.storyboard in Resources */ = {isa = PBXBuildFile; fileRef = B47AEDEC2796A19700B486FC /* Main.storyboard */; };
		B47AEDF02796A19900B486FC /* Assets.xcassets in Resources */ = {isa = PBXBuildFile; fileRef = B47AEDEF2796A19900B486FC /* Assets.xcassets */; };
		B47AEDF32796A19900B486FC /* LaunchScreen.storyboard in Resources */ = {isa = PBXBuildFile; fileRef = B47AEDF12796A19900B486FC /* LaunchScreen.storyboard */; };
/* End PBXBuildFile section */

/* Begin PBXFileReference section */
		A17A35A905B3C98B2048A26E /* Pods_FirebaseAuthDemo.framework */ = {isa = PBXFileReference; explicitFileType = wrapper.framework; includeInIndex = 0; path = Pods_FirebaseAuthDemo.framework; sourceTree = BUILT_PRODUCTS_DIR; };
		B43740D52796A425005E1CC7 /* GoogleService-Info.plist */ = {isa = PBXFileReference; lastKnownFileType = text.plist; path = "GoogleService-Info.plist"; sourceTree = SOURCE_ROOT; };
		B43740D72796BB1D005E1CC7 /* FirebaseAuthDemo.entitlements */ = {isa = PBXFileReference; lastKnownFileType = text.plist.entitlements; path = FirebaseAuthDemo.entitlements; sourceTree = "<group>"; };
		B47AEDE32796A19700B486FC /* FirebaseAuthDemo.app */ = {isa = PBXFileReference; explicitFileType = wrapper.application; includeInIndex = 0; path = FirebaseAuthDemo.app; sourceTree = BUILT_PRODUCTS_DIR; };
		B47AEDE62796A19700B486FC /* AppDelegate.swift */ = {isa = PBXFileReference; lastKnownFileType = sourcecode.swift; path = AppDelegate.swift; sourceTree = "<group>"; };
		B47AEDE82796A19700B486FC /* SceneDelegate.swift */ = {isa = PBXFileReference; lastKnownFileType = sourcecode.swift; path = SceneDelegate.swift; sourceTree = "<group>"; };
		B47AEDEA2796A19700B486FC /* ViewController.swift */ = {isa = PBXFileReference; lastKnownFileType = sourcecode.swift; path = ViewController.swift; sourceTree = "<group>"; };
		B47AEDED2796A19700B486FC /* Base */ = {isa = PBXFileReference; lastKnownFileType = file.storyboard; name = Base; path = Base.lproj/Main.storyboard; sourceTree = "<group>"; };
		B47AEDEF2796A19900B486FC /* Assets.xcassets */ = {isa = PBXFileReference; lastKnownFileType = folder.assetcatalog; path = Assets.xcassets; sourceTree = "<group>"; };
		B47AEDF22796A19900B486FC /* Base */ = {isa = PBXFileReference; lastKnownFileType = file.storyboard; name = Base; path = Base.lproj/LaunchScreen.storyboard; sourceTree = "<group>"; };
		B47AEDF42796A19900B486FC /* Info.plist */ = {isa = PBXFileReference; lastKnownFileType = text.plist.xml; path = Info.plist; sourceTree = "<group>"; };
		D6A2A6C754BF473FBB7CE189 /* Pods-FirebaseAuthDemo.release.xcconfig */ = {isa = PBXFileReference; includeInIndex = 1; lastKnownFileType = text.xcconfig; name = "Pods-FirebaseAuthDemo.release.xcconfig"; path = "Target Support Files/Pods-FirebaseAuthDemo/Pods-FirebaseAuthDemo.release.xcconfig"; sourceTree = "<group>"; };
		E137045ED52C83EC269EA696 /* Pods-FirebaseAuthDemo.debug.xcconfig */ = {isa = PBXFileReference; includeInIndex = 1; lastKnownFileType = text.xcconfig; name = "Pods-FirebaseAuthDemo.debug.xcconfig"; path = "Target Support Files/Pods-FirebaseAuthDemo/Pods-FirebaseAuthDemo.debug.xcconfig"; sourceTree = "<group>"; };
/* End PBXFileReference section */

/* Begin PBXFrameworksBuildPhase section */
		B47AEDE02796A19700B486FC /* Frameworks */ = {
			isa = PBXFrameworksBuildPhase;
			buildActionMask = 2147483647;
			files = (
				A00F351A2B363B2911A748EB /* Pods_FirebaseAuthDemo.framework in Frameworks */,
			);
			runOnlyForDeploymentPostprocessing = 0;
		};
/* End PBXFrameworksBuildPhase section */

/* Begin PBXGroup section */
		2962BEA56FA03A3187DB6DDA /* Pods */ = {
			isa = PBXGroup;
			children = (
				E137045ED52C83EC269EA696 /* Pods-FirebaseAuthDemo.debug.xcconfig */,
				D6A2A6C754BF473FBB7CE189 /* Pods-FirebaseAuthDemo.release.xcconfig */,
			);
			path = Pods;
			sourceTree = "<group>";
		};
		62A89A69C6B149CDDC98154E /* Frameworks */ = {
			isa = PBXGroup;
			children = (
				A17A35A905B3C98B2048A26E /* Pods_FirebaseAuthDemo.framework */,
			);
			name = Frameworks;
			sourceTree = "<group>";
		};
		B47AEDDA2796A19700B486FC = {
			isa = PBXGroup;
			children = (
				B47AEDE52796A19700B486FC /* FirebaseAuthDemo */,
				B47AEDE42796A19700B486FC /* Products */,
				2962BEA56FA03A3187DB6DDA /* Pods */,
				62A89A69C6B149CDDC98154E /* Frameworks */,
			);
			sourceTree = "<group>";
		};
		B47AEDE42796A19700B486FC /* Products */ = {
			isa = PBXGroup;
			children = (
				B47AEDE32796A19700B486FC /* FirebaseAuthDemo.app */,
			);
			name = Products;
			sourceTree = "<group>";
		};
		B47AEDE52796A19700B486FC /* FirebaseAuthDemo */ = {
			isa = PBXGroup;
			children = (
				B43740D72796BB1D005E1CC7 /* FirebaseAuthDemo.entitlements */,
				B47AEDE62796A19700B486FC /* AppDelegate.swift */,
				B47AEDE82796A19700B486FC /* SceneDelegate.swift */,
				B47AEDEA2796A19700B486FC /* ViewController.swift */,
				B47AEDEC2796A19700B486FC /* Main.storyboard */,
				B47AEDEF2796A19900B486FC /* Assets.xcassets */,
				B47AEDF12796A19900B486FC /* LaunchScreen.storyboard */,
				B47AEDF42796A19900B486FC /* Info.plist */,
				B43740D52796A425005E1CC7 /* GoogleService-Info.plist */,
			);
			path = FirebaseAuthDemo;
			sourceTree = "<group>";
		};
/* End PBXGroup section */

/* Begin PBXNativeTarget section */
		B47AEDE22796A19700B486FC /* FirebaseAuthDemo */ = {
			isa = PBXNativeTarget;
			buildConfigurationList = B47AEDF72796A19900B486FC /* Build configuration list for PBXNativeTarget "FirebaseAuthDemo" */;
			buildPhases = (
				6047C63B537C21547DE7FF5A /* [CP] Check Pods Manifest.lock */,
				B47AEDDF2796A19700B486FC /* Sources */,
				B47AEDE02796A19700B486FC /* Frameworks */,
				B47AEDE12796A19700B486FC /* Resources */,
				EA89410E4159513696AB7006 /* [CP] Embed Pods Frameworks */,
			);
			buildRules = (
			);
			dependencies = (
			);
			name = FirebaseAuthDemo;
			productName = FirebaseAuthDemo;
			productReference = B47AEDE32796A19700B486FC /* FirebaseAuthDemo.app */;
			productType = "com.apple.product-type.application";
		};
/* End PBXNativeTarget section */

/* Begin PBXProject section */
		B47AEDDB2796A19700B486FC /* Project object */ = {
			isa = PBXProject;
			attributes = {
				BuildIndependentTargetsInParallel = 1;
				LastSwiftUpdateCheck = 1300;
				LastUpgradeCheck = 1300;
				TargetAttributes = {
					B47AEDE22796A19700B486FC = {
						CreatedOnToolsVersion = 13.0;
					};
				};
			};
			buildConfigurationList = B47AEDDE2796A19700B486FC /* Build configuration list for PBXProject "FirebaseAuthDemo" */;
			compatibilityVersion = "Xcode 13.0";
			developmentRegion = en;
			hasScannedForEncodings = 0;
			knownRegions = (
				en,
				Base,
			);
			mainGroup = B47AEDDA2796A19700B486FC;
			productRefGroup = B47AEDE42796A19700B486FC /* Products */;
			projectDirPath = "";
			projectRoot = "";
			targets = (
				B47AEDE22796A19700B486FC /* FirebaseAuthDemo */,
			);
		};
/* End PBXProject section */

/* Begin PBXResourcesBuildPhase section */
		B47AEDE12796A19700B486FC /* Resources */ = {
			isa = PBXResourcesBuildPhase;
			buildActionMask = 2147483647;
			files = (
				B47AEDF32796A19900B486FC /* LaunchScreen.storyboard in Resources */,
				B43740D62796A425005E1CC7 /* GoogleService-Info.plist in Resources */,
				B47AEDF02796A19900B486FC /* Assets.xcassets in Resources */,
				B47AEDEE2796A19700B486FC /* Main.storyboard in Resources */,
			);
			runOnlyForDeploymentPostprocessing = 0;
		};
/* End PBXResourcesBuildPhase section */

/* Begin PBXShellScriptBuildPhase section */
		6047C63B537C21547DE7FF5A /* [CP] Check Pods Manifest.lock */ = {
			isa = PBXShellScriptBuildPhase;
			buildActionMask = 2147483647;
			files = (
			);
			inputFileListPaths = (
			);
			inputPaths = (
				"${PODS_PODFILE_DIR_PATH}/Podfile.lock",
				"${PODS_ROOT}/Manifest.lock",
			);
			name = "[CP] Check Pods Manifest.lock";
			outputFileListPaths = (
			);
			outputPaths = (
				"$(DERIVED_FILE_DIR)/Pods-FirebaseAuthDemo-checkManifestLockResult.txt",
			);
			runOnlyForDeploymentPostprocessing = 0;
			shellPath = /bin/sh;
			shellScript = "diff \"${PODS_PODFILE_DIR_PATH}/Podfile.lock\" \"${PODS_ROOT}/Manifest.lock\" > /dev/null\nif [ $? != 0 ] ; then\n    # print error to STDERR\n    echo \"error: The sandbox is not in sync with the Podfile.lock. Run 'pod install' or update your CocoaPods installation.\" >&2\n    exit 1\nfi\n# This output is used by Xcode 'outputs' to avoid re-running this script phase.\necho \"SUCCESS\" > \"${SCRIPT_OUTPUT_FILE_0}\"\n";
			showEnvVarsInLog = 0;
		};
		EA89410E4159513696AB7006 /* [CP] Embed Pods Frameworks */ = {
			isa = PBXShellScriptBuildPhase;
			buildActionMask = 2147483647;
			files = (
			);
			inputFileListPaths = (
				"${PODS_ROOT}/Target Support Files/Pods-FirebaseAuthDemo/Pods-FirebaseAuthDemo-frameworks-${CONFIGURATION}-input-files.xcfilelist",
			);
			name = "[CP] Embed Pods Frameworks";
			outputFileListPaths = (
				"${PODS_ROOT}/Target Support Files/Pods-FirebaseAuthDemo/Pods-FirebaseAuthDemo-frameworks-${CONFIGURATION}-output-files.xcfilelist",
			);
			runOnlyForDeploymentPostprocessing = 0;
			shellPath = /bin/sh;
			shellScript = "\"${PODS_ROOT}/Target Support Files/Pods-FirebaseAuthDemo/Pods-FirebaseAuthDemo-frameworks.sh\"\n";
			showEnvVarsInLog = 0;
		};
/* End PBXShellScriptBuildPhase section */

/* Begin PBXSourcesBuildPhase section */
		B47AEDDF2796A19700B486FC /* Sources */ = {
			isa = PBXSourcesBuildPhase;
			buildActionMask = 2147483647;
			files = (
				B47AEDEB2796A19700B486FC /* ViewController.swift in Sources */,
				B47AEDE72796A19700B486FC /* AppDelegate.swift in Sources */,
				B47AEDE92796A19700B486FC /* SceneDelegate.swift in Sources */,
			);
			runOnlyForDeploymentPostprocessing = 0;
		};
/* End PBXSourcesBuildPhase section */

/* Begin PBXVariantGroup section */
		B47AEDEC2796A19700B486FC /* Main.storyboard */ = {
			isa = PBXVariantGroup;
			children = (
				B47AEDED2796A19700B486FC /* Base */,
			);
			name = Main.storyboard;
			sourceTree = "<group>";
		};
		B47AEDF12796A19900B486FC /* LaunchScreen.storyboard */ = {
			isa = PBXVariantGroup;
			children = (
				B47AEDF22796A19900B486FC /* Base */,
			);
			name = LaunchScreen.storyboard;
			sourceTree = "<group>";
		};
/* End PBXVariantGroup section */

/* Begin XCBuildConfiguration section */
		B47AEDF52796A19900B486FC /* Debug */ = {
			isa = XCBuildConfiguration;
			buildSettings = {
				ALWAYS_SEARCH_USER_PATHS = NO;
				CLANG_ANALYZER_NONNULL = YES;
				CLANG_ANALYZER_NUMBER_OBJECT_CONVERSION = YES_AGGRESSIVE;
				CLANG_CXX_LANGUAGE_STANDARD = "gnu++17";
				CLANG_CXX_LIBRARY = "libc++";
				CLANG_ENABLE_MODULES = YES;
				CLANG_ENABLE_OBJC_ARC = YES;
				CLANG_ENABLE_OBJC_WEAK = YES;
				CLANG_WARN_BLOCK_CAPTURE_AUTORELEASING = YES;
				CLANG_WARN_BOOL_CONVERSION = YES;
				CLANG_WARN_COMMA = YES;
				CLANG_WARN_CONSTANT_CONVERSION = YES;
				CLANG_WARN_DEPRECATED_OBJC_IMPLEMENTATIONS = YES;
				CLANG_WARN_DIRECT_OBJC_ISA_USAGE = YES_ERROR;
				CLANG_WARN_DOCUMENTATION_COMMENTS = YES;
				CLANG_WARN_EMPTY_BODY = YES;
				CLANG_WARN_ENUM_CONVERSION = YES;
				CLANG_WARN_INFINITE_RECURSION = YES;
				CLANG_WARN_INT_CONVERSION = YES;
				CLANG_WARN_NON_LITERAL_NULL_CONVERSION = YES;
				CLANG_WARN_OBJC_IMPLICIT_RETAIN_SELF = YES;
				CLANG_WARN_OBJC_LITERAL_CONVERSION = YES;
				CLANG_WARN_OBJC_ROOT_CLASS = YES_ERROR;
				CLANG_WARN_QUOTED_INCLUDE_IN_FRAMEWORK_HEADER = YES;
				CLANG_WARN_RANGE_LOOP_ANALYSIS = YES;
				CLANG_WARN_STRICT_PROTOTYPES = YES;
				CLANG_WARN_SUSPICIOUS_MOVE = YES;
				CLANG_WARN_UNGUARDED_AVAILABILITY = YES_AGGRESSIVE;
				CLANG_WARN_UNREACHABLE_CODE = YES;
				CLANG_WARN__DUPLICATE_METHOD_MATCH = YES;
				COPY_PHASE_STRIP = NO;
				DEBUG_INFORMATION_FORMAT = dwarf;
				ENABLE_STRICT_OBJC_MSGSEND = YES;
				ENABLE_TESTABILITY = YES;
				GCC_C_LANGUAGE_STANDARD = gnu11;
				GCC_DYNAMIC_NO_PIC = NO;
				GCC_NO_COMMON_BLOCKS = YES;
				GCC_OPTIMIZATION_LEVEL = 0;
				GCC_PREPROCESSOR_DEFINITIONS = (
					"DEBUG=1",
					"$(inherited)",
				);
				GCC_WARN_64_TO_32_BIT_CONVERSION = YES;
				GCC_WARN_ABOUT_RETURN_TYPE = YES_ERROR;
				GCC_WARN_UNDECLARED_SELECTOR = YES;
				GCC_WARN_UNINITIALIZED_AUTOS = YES_AGGRESSIVE;
				GCC_WARN_UNUSED_FUNCTION = YES;
				GCC_WARN_UNUSED_VARIABLE = YES;
				IPHONEOS_DEPLOYMENT_TARGET = 15.0;
				MTL_ENABLE_DEBUG_INFO = INCLUDE_SOURCE;
				MTL_FAST_MATH = YES;
				ONLY_ACTIVE_ARCH = YES;
				SDKROOT = iphoneos;
				SWIFT_ACTIVE_COMPILATION_CONDITIONS = DEBUG;
				SWIFT_OPTIMIZATION_LEVEL = "-Onone";
			};
			name = Debug;
		};
		B47AEDF62796A19900B486FC /* Release */ = {
			isa = XCBuildConfiguration;
			buildSettings = {
				ALWAYS_SEARCH_USER_PATHS = NO;
				CLANG_ANALYZER_NONNULL = YES;
				CLANG_ANALYZER_NUMBER_OBJECT_CONVERSION = YES_AGGRESSIVE;
				CLANG_CXX_LANGUAGE_STANDARD = "gnu++17";
				CLANG_CXX_LIBRARY = "libc++";
				CLANG_ENABLE_MODULES = YES;
				CLANG_ENABLE_OBJC_ARC = YES;
				CLANG_ENABLE_OBJC_WEAK = YES;
				CLANG_WARN_BLOCK_CAPTURE_AUTORELEASING = YES;
				CLANG_WARN_BOOL_CONVERSION = YES;
				CLANG_WARN_COMMA = YES;
				CLANG_WARN_CONSTANT_CONVERSION = YES;
				CLANG_WARN_DEPRECATED_OBJC_IMPLEMENTATIONS = YES;
				CLANG_WARN_DIRECT_OBJC_ISA_USAGE = YES_ERROR;
				CLANG_WARN_DOCUMENTATION_COMMENTS = YES;
				CLANG_WARN_EMPTY_BODY = YES;
				CLANG_WARN_ENUM_CONVERSION = YES;
				CLANG_WARN_INFINITE_RECURSION = YES;
				CLANG_WARN_INT_CONVERSION = YES;
				CLANG_WARN_NON_LITERAL_NULL_CONVERSION = YES;
				CLANG_WARN_OBJC_IMPLICIT_RETAIN_SELF = YES;
				CLANG_WARN_OBJC_LITERAL_CONVERSION = YES;
				CLANG_WARN_OBJC_ROOT_CLASS = YES_ERROR;
				CLANG_WARN_QUOTED_INCLUDE_IN_FRAMEWORK_HEADER = YES;
				CLANG_WARN_RANGE_LOOP_ANALYSIS = YES;
				CLANG_WARN_STRICT_PROTOTYPES = YES;
				CLANG_WARN_SUSPICIOUS_MOVE = YES;
				CLANG_WARN_UNGUARDED_AVAILABILITY = YES_AGGRESSIVE;
				CLANG_WARN_UNREACHABLE_CODE = YES;
				CLANG_WARN__DUPLICATE_METHOD_MATCH = YES;
				COPY_PHASE_STRIP = NO;
				DEBUG_INFORMATION_FORMAT = "dwarf-with-dsym";
				ENABLE_NS_ASSERTIONS = NO;
				ENABLE_STRICT_OBJC_MSGSEND = YES;
				GCC_C_LANGUAGE_STANDARD = gnu11;
				GCC_NO_COMMON_BLOCKS = YES;
				GCC_WARN_64_TO_32_BIT_CONVERSION = YES;
				GCC_WARN_ABOUT_RETURN_TYPE = YES_ERROR;
				GCC_WARN_UNDECLARED_SELECTOR = YES;
				GCC_WARN_UNINITIALIZED_AUTOS = YES_AGGRESSIVE;
				GCC_WARN_UNUSED_FUNCTION = YES;
				GCC_WARN_UNUSED_VARIABLE = YES;
				IPHONEOS_DEPLOYMENT_TARGET = 15.0;
				MTL_ENABLE_DEBUG_INFO = NO;
				MTL_FAST_MATH = YES;
				SDKROOT = iphoneos;
				SWIFT_COMPILATION_MODE = wholemodule;
				SWIFT_OPTIMIZATION_LEVEL = "-O";
				VALIDATE_PRODUCT = YES;
			};
			name = Release;
		};
		B47AEDF82796A19900B486FC /* Debug */ = {
			isa = XCBuildConfiguration;
			baseConfigurationReference = E137045ED52C83EC269EA696 /* Pods-FirebaseAuthDemo.debug.xcconfig */;
			buildSettings = {
				ASSETCATALOG_COMPILER_APPICON_NAME = AppIcon;
				ASSETCATALOG_COMPILER_GLOBAL_ACCENT_COLOR_NAME = AccentColor;
				CODE_SIGN_ENTITLEMENTS = FirebaseAuthDemo/FirebaseAuthDemo.entitlements;
				CODE_SIGN_STYLE = Automatic;
				CURRENT_PROJECT_VERSION = 1;
				DEVELOPMENT_TEAM = 7MS89TXQ5T;
				GENERATE_INFOPLIST_FILE = YES;
				INFOPLIST_FILE = FirebaseAuthDemo/Info.plist;
				INFOPLIST_KEY_UIApplicationSupportsIndirectInputEvents = YES;
				INFOPLIST_KEY_UILaunchStoryboardName = LaunchScreen;
				INFOPLIST_KEY_UIMainStoryboardFile = Main;
				INFOPLIST_KEY_UISupportedInterfaceOrientations_iPad = "UIInterfaceOrientationPortrait UIInterfaceOrientationPortraitUpsideDown UIInterfaceOrientationLandscapeLeft UIInterfaceOrientationLandscapeRight";
				INFOPLIST_KEY_UISupportedInterfaceOrientations_iPhone = "UIInterfaceOrientationPortrait UIInterfaceOrientationLandscapeLeft UIInterfaceOrientationLandscapeRight";
				LD_RUNPATH_SEARCH_PATHS = (
					"$(inherited)",
					"@executable_path/Frameworks",
				);
				MARKETING_VERSION = 1.0;
				PRODUCT_BUNDLE_IDENTIFIER = camosss.FirebaseAuthDemo;
				PRODUCT_NAME = "$(TARGET_NAME)";
				SWIFT_EMIT_LOC_STRINGS = YES;
				SWIFT_VERSION = 5.0;
				TARGETED_DEVICE_FAMILY = "1,2";
			};
			name = Debug;
		};
		B47AEDF92796A19900B486FC /* Release */ = {
			isa = XCBuildConfiguration;
			baseConfigurationReference = D6A2A6C754BF473FBB7CE189 /* Pods-FirebaseAuthDemo.release.xcconfig */;
			buildSettings = {
				ASSETCATALOG_COMPILER_APPICON_NAME = AppIcon;
				ASSETCATALOG_COMPILER_GLOBAL_ACCENT_COLOR_NAME = AccentColor;
				CODE_SIGN_ENTITLEMENTS = FirebaseAuthDemo/FirebaseAuthDemo.entitlements;
				CODE_SIGN_STYLE = Automatic;
				CURRENT_PROJECT_VERSION = 1;
				DEVELOPMENT_TEAM = 7MS89TXQ5T;
				GENERATE_INFOPLIST_FILE = YES;
				INFOPLIST_FILE = FirebaseAuthDemo/Info.plist;
				INFOPLIST_KEY_UIApplicationSupportsIndirectInputEvents = YES;
				INFOPLIST_KEY_UILaunchStoryboardName = LaunchScreen;
				INFOPLIST_KEY_UIMainStoryboardFile = Main;
				INFOPLIST_KEY_UISupportedInterfaceOrientations_iPad = "UIInterfaceOrientationPortrait UIInterfaceOrientationPortraitUpsideDown UIInterfaceOrientationLandscapeLeft UIInterfaceOrientationLandscapeRight";
				INFOPLIST_KEY_UISupportedInterfaceOrientations_iPhone = "UIInterfaceOrientationPortrait UIInterfaceOrientationLandscapeLeft UIInterfaceOrientationLandscapeRight";
				LD_RUNPATH_SEARCH_PATHS = (
					"$(inherited)",
					"@executable_path/Frameworks",
				);
				MARKETING_VERSION = 1.0;
				PRODUCT_BUNDLE_IDENTIFIER = camosss.FirebaseAuthDemo;
				PRODUCT_NAME = "$(TARGET_NAME)";
				SWIFT_EMIT_LOC_STRINGS = YES;
				SWIFT_VERSION = 5.0;
				TARGETED_DEVICE_FAMILY = "1,2";
			};
			name = Release;
		};
/* End XCBuildConfiguration section */

/* Begin XCConfigurationList section */
		B47AEDDE2796A19700B486FC /* Build configuration list for PBXProject "FirebaseAuthDemo" */ = {
			isa = XCConfigurationList;
			buildConfigurations = (
				B47AEDF52796A19900B486FC /* Debug */,
				B47AEDF62796A19900B486FC /* Release */,
			);
			defaultConfigurationIsVisible = 0;
			defaultConfigurationName = Release;
		};
		B47AEDF72796A19900B486FC /* Build configuration list for PBXNativeTarget "FirebaseAuthDemo" */ = {
			isa = XCConfigurationList;
			buildConfigurations = (
				B47AEDF82796A19900B486FC /* Debug */,
				B47AEDF92796A19900B486FC /* Release */,
			);
			defaultConfigurationIsVisible = 0;
			defaultConfigurationName = Release;
		};
/* End XCConfigurationList section */
	};
	rootObject = B47AEDDB2796A19700B486FC /* Project object */;
}
